// !$*UTF8*$!
{
	archiveVersion = 1;
	classes = {
	};
	objectVersion = 56;
	objects = {

/* Begin PBXBuildFile section */
		EA5C483C2A46254400D977F8 /* CourseNoSave.swift in Sources */ = {isa = PBXBuildFile; fileRef = EA5C483B2A46254400D977F8 /* CourseNoSave.swift */; };
		EA5E36312A9582E8004111E3 /* FlashCardView.swift in Sources */ = {isa = PBXBuildFile; fileRef = EA5E36302A9582E8004111E3 /* FlashCardView.swift */; };
		EA5ECFA72A4E15B200ADFA79 /* NewCourseView.swift in Sources */ = {isa = PBXBuildFile; fileRef = EA5ECFA62A4E15B200ADFA79 /* NewCourseView.swift */; };
		EA5ECFA92A4E2BAC00ADFA79 /* NewAssignmentView.swift in Sources */ = {isa = PBXBuildFile; fileRef = EA5ECFA82A4E2BAC00ADFA79 /* NewAssignmentView.swift */; };
		EA72A3BF2A4A98A40030F6AB /* Assignment+CoreDataClass.swift in Sources */ = {isa = PBXBuildFile; fileRef = EA72A3BD2A4A98A40030F6AB /* Assignment+CoreDataClass.swift */; };
		EA72A3C02A4A98A40030F6AB /* Assignment+CoreDataProperties.swift in Sources */ = {isa = PBXBuildFile; fileRef = EA72A3BE2A4A98A40030F6AB /* Assignment+CoreDataProperties.swift */; };
		EA72A3C32A4A9C530030F6AB /* CourseComponent+CoreDataClass.swift in Sources */ = {isa = PBXBuildFile; fileRef = EA72A3C12A4A9C530030F6AB /* CourseComponent+CoreDataClass.swift */; };
		EA72A3C42A4A9C530030F6AB /* CourseComponent+CoreDataProperties.swift in Sources */ = {isa = PBXBuildFile; fileRef = EA72A3C22A4A9C530030F6AB /* CourseComponent+CoreDataProperties.swift */; };
		EA72A3C72A4A9D4F0030F6AB /* Breakdown+CoreDataClass.swift in Sources */ = {isa = PBXBuildFile; fileRef = EA72A3C52A4A9D4F0030F6AB /* Breakdown+CoreDataClass.swift */; };
		EA72A3C82A4A9D4F0030F6AB /* Breakdown+CoreDataProperties.swift in Sources */ = {isa = PBXBuildFile; fileRef = EA72A3C62A4A9D4F0030F6AB /* Breakdown+CoreDataProperties.swift */; };
		EA72A3CB2A4AA48F0030F6AB /* Grade+CoreDataClass.swift in Sources */ = {isa = PBXBuildFile; fileRef = EA72A3C92A4AA48F0030F6AB /* Grade+CoreDataClass.swift */; };
		EA72A3CC2A4AA48F0030F6AB /* Grade+CoreDataProperties.swift in Sources */ = {isa = PBXBuildFile; fileRef = EA72A3CA2A4AA48F0030F6AB /* Grade+CoreDataProperties.swift */; };
		EA72A3D72A4AAF610030F6AB /* Course+CoreDataClass.swift in Sources */ = {isa = PBXBuildFile; fileRef = EA72A3D52A4AAF610030F6AB /* Course+CoreDataClass.swift */; };
		EA72A3D82A4AAF610030F6AB /* Course+CoreDataProperties.swift in Sources */ = {isa = PBXBuildFile; fileRef = EA72A3D62A4AAF610030F6AB /* Course+CoreDataProperties.swift */; };
		EAA3A5572A4847ED0044A0B5 /* GradeNoSave.swift in Sources */ = {isa = PBXBuildFile; fileRef = EAA3A5562A4847ED0044A0B5 /* GradeNoSave.swift */; };
		EAA3A5592A48485B0044A0B5 /* BreakdownNoSave.swift in Sources */ = {isa = PBXBuildFile; fileRef = EAA3A5582A48485B0044A0B5 /* BreakdownNoSave.swift */; };
		EAA3A55B2A4848660044A0B5 /* CourseComponentNoSave.swift in Sources */ = {isa = PBXBuildFile; fileRef = EAA3A55A2A4848660044A0B5 /* CourseComponentNoSave.swift */; };
		EAA3A55D2A4849630044A0B5 /* AssignmentNoSave.swift in Sources */ = {isa = PBXBuildFile; fileRef = EAA3A55C2A4849630044A0B5 /* AssignmentNoSave.swift */; };
		EAA3A55F2A4849A30044A0B5 /* MarkNoSave.swift in Sources */ = {isa = PBXBuildFile; fileRef = EAA3A55E2A4849A30044A0B5 /* MarkNoSave.swift */; };
		EAAB08582A4C540100E54BFD /* DataController.swift in Sources */ = {isa = PBXBuildFile; fileRef = EAAB08572A4C540100E54BFD /* DataController.swift */; };
		EACA6E222A4973BA000A7057 /* GradeType.swift in Sources */ = {isa = PBXBuildFile; fileRef = EACA6E212A4973BA000A7057 /* GradeType.swift */; };
		EACA6E322A49859E000A7057 /* Mark+CoreDataClass.swift in Sources */ = {isa = PBXBuildFile; fileRef = EACA6E302A49859E000A7057 /* Mark+CoreDataClass.swift */; };
		EACA6E332A49859E000A7057 /* Mark+CoreDataProperties.swift in Sources */ = {isa = PBXBuildFile; fileRef = EACA6E312A49859E000A7057 /* Mark+CoreDataProperties.swift */; };
		EAF799862A43F93200B09741 /* GradeTrackApp.swift in Sources */ = {isa = PBXBuildFile; fileRef = EAF799852A43F93200B09741 /* GradeTrackApp.swift */; };
		EAF799882A43F93200B09741 /* ContentView.swift in Sources */ = {isa = PBXBuildFile; fileRef = EAF799872A43F93200B09741 /* ContentView.swift */; };
		EAF7998A2A43F93400B09741 /* Assets.xcassets in Resources */ = {isa = PBXBuildFile; fileRef = EAF799892A43F93400B09741 /* Assets.xcassets */; };
		EAF7998D2A43F93400B09741 /* Preview Assets.xcassets in Resources */ = {isa = PBXBuildFile; fileRef = EAF7998C2A43F93400B09741 /* Preview Assets.xcassets */; };
		EAF7998F2A43F93400B09741 /* Persistence.swift in Sources */ = {isa = PBXBuildFile; fileRef = EAF7998E2A43F93400B09741 /* Persistence.swift */; };
		EAF799922A43F93400B09741 /* GradeTrack.xcdatamodeld in Sources */ = {isa = PBXBuildFile; fileRef = EAF799902A43F93400B09741 /* GradeTrack.xcdatamodeld */; };
		EAF799992A43F9F300B09741 /* MainMenu.swift in Sources */ = {isa = PBXBuildFile; fileRef = EAF799982A43F9F300B09741 /* MainMenu.swift */; };
		EAF7999B2A44245700B09741 /* CourseMenu.swift in Sources */ = {isa = PBXBuildFile; fileRef = EAF7999A2A44245700B09741 /* CourseMenu.swift */; };
		EAF8D3722A4D187500F98A14 /* AssignmentsMenu.swift in Sources */ = {isa = PBXBuildFile; fileRef = EAF8D3712A4D187400F98A14 /* AssignmentsMenu.swift */; };
		EAF8D3742A4D62CC00F98A14 /* AssignmentView.swift in Sources */ = {isa = PBXBuildFile; fileRef = EAF8D3732A4D62CC00F98A14 /* AssignmentView.swift */; };
/* End PBXBuildFile section */

/* Begin PBXFileReference section */
		EA5C483B2A46254400D977F8 /* CourseNoSave.swift */ = {isa = PBXFileReference; lastKnownFileType = sourcecode.swift; path = CourseNoSave.swift; sourceTree = "<group>"; };
		EA5E36302A9582E8004111E3 /* FlashCardView.swift */ = {isa = PBXFileReference; lastKnownFileType = sourcecode.swift; path = FlashCardView.swift; sourceTree = "<group>"; };
		EA5ECFA62A4E15B200ADFA79 /* NewCourseView.swift */ = {isa = PBXFileReference; lastKnownFileType = sourcecode.swift; path = NewCourseView.swift; sourceTree = "<group>"; };
		EA5ECFA82A4E2BAC00ADFA79 /* NewAssignmentView.swift */ = {isa = PBXFileReference; lastKnownFileType = sourcecode.swift; path = NewAssignmentView.swift; sourceTree = "<group>"; };
		EA72A3BD2A4A98A40030F6AB /* Assignment+CoreDataClass.swift */ = {isa = PBXFileReference; lastKnownFileType = sourcecode.swift; path = "Assignment+CoreDataClass.swift"; sourceTree = SOURCE_ROOT; };
		EA72A3BE2A4A98A40030F6AB /* Assignment+CoreDataProperties.swift */ = {isa = PBXFileReference; lastKnownFileType = sourcecode.swift; path = "Assignment+CoreDataProperties.swift"; sourceTree = SOURCE_ROOT; };
		EA72A3C12A4A9C530030F6AB /* CourseComponent+CoreDataClass.swift */ = {isa = PBXFileReference; lastKnownFileType = sourcecode.swift; path = "CourseComponent+CoreDataClass.swift"; sourceTree = SOURCE_ROOT; };
		EA72A3C22A4A9C530030F6AB /* CourseComponent+CoreDataProperties.swift */ = {isa = PBXFileReference; lastKnownFileType = sourcecode.swift; path = "CourseComponent+CoreDataProperties.swift"; sourceTree = SOURCE_ROOT; };
		EA72A3C52A4A9D4F0030F6AB /* Breakdown+CoreDataClass.swift */ = {isa = PBXFileReference; lastKnownFileType = sourcecode.swift; path = "Breakdown+CoreDataClass.swift"; sourceTree = SOURCE_ROOT; };
		EA72A3C62A4A9D4F0030F6AB /* Breakdown+CoreDataProperties.swift */ = {isa = PBXFileReference; lastKnownFileType = sourcecode.swift; path = "Breakdown+CoreDataProperties.swift"; sourceTree = SOURCE_ROOT; };
		EA72A3C92A4AA48F0030F6AB /* Grade+CoreDataClass.swift */ = {isa = PBXFileReference; lastKnownFileType = sourcecode.swift; path = "Grade+CoreDataClass.swift"; sourceTree = SOURCE_ROOT; };
		EA72A3CA2A4AA48F0030F6AB /* Grade+CoreDataProperties.swift */ = {isa = PBXFileReference; lastKnownFileType = sourcecode.swift; path = "Grade+CoreDataProperties.swift"; sourceTree = SOURCE_ROOT; };
		EA72A3D52A4AAF610030F6AB /* Course+CoreDataClass.swift */ = {isa = PBXFileReference; lastKnownFileType = sourcecode.swift; path = "Course+CoreDataClass.swift"; sourceTree = SOURCE_ROOT; };
		EA72A3D62A4AAF610030F6AB /* Course+CoreDataProperties.swift */ = {isa = PBXFileReference; lastKnownFileType = sourcecode.swift; path = "Course+CoreDataProperties.swift"; sourceTree = SOURCE_ROOT; };
		EAA3A5562A4847ED0044A0B5 /* GradeNoSave.swift */ = {isa = PBXFileReference; lastKnownFileType = sourcecode.swift; path = GradeNoSave.swift; sourceTree = "<group>"; };
		EAA3A5582A48485B0044A0B5 /* BreakdownNoSave.swift */ = {isa = PBXFileReference; lastKnownFileType = sourcecode.swift; path = BreakdownNoSave.swift; sourceTree = "<group>"; };
		EAA3A55A2A4848660044A0B5 /* CourseComponentNoSave.swift */ = {isa = PBXFileReference; lastKnownFileType = sourcecode.swift; path = CourseComponentNoSave.swift; sourceTree = "<group>"; };
		EAA3A55C2A4849630044A0B5 /* AssignmentNoSave.swift */ = {isa = PBXFileReference; lastKnownFileType = sourcecode.swift; path = AssignmentNoSave.swift; sourceTree = "<group>"; };
		EAA3A55E2A4849A30044A0B5 /* MarkNoSave.swift */ = {isa = PBXFileReference; lastKnownFileType = sourcecode.swift; path = MarkNoSave.swift; sourceTree = "<group>"; };
		EAAB08572A4C540100E54BFD /* DataController.swift */ = {isa = PBXFileReference; lastKnownFileType = sourcecode.swift; path = DataController.swift; sourceTree = "<group>"; };
		EACA6E212A4973BA000A7057 /* GradeType.swift */ = {isa = PBXFileReference; lastKnownFileType = sourcecode.swift; path = GradeType.swift; sourceTree = "<group>"; };
		EACA6E302A49859E000A7057 /* Mark+CoreDataClass.swift */ = {isa = PBXFileReference; lastKnownFileType = sourcecode.swift; path = "Mark+CoreDataClass.swift"; sourceTree = SOURCE_ROOT; };
		EACA6E312A49859E000A7057 /* Mark+CoreDataProperties.swift */ = {isa = PBXFileReference; lastKnownFileType = sourcecode.swift; path = "Mark+CoreDataProperties.swift"; sourceTree = SOURCE_ROOT; };
		EAF799822A43F93200B09741 /* GradeTrack.app */ = {isa = PBXFileReference; explicitFileType = wrapper.application; includeInIndex = 0; path = GradeTrack.app; sourceTree = BUILT_PRODUCTS_DIR; };
		EAF799852A43F93200B09741 /* GradeTrackApp.swift */ = {isa = PBXFileReference; lastKnownFileType = sourcecode.swift; path = GradeTrackApp.swift; sourceTree = "<group>"; };
		EAF799872A43F93200B09741 /* ContentView.swift */ = {isa = PBXFileReference; lastKnownFileType = sourcecode.swift; path = ContentView.swift; sourceTree = "<group>"; };
		EAF799892A43F93400B09741 /* Assets.xcassets */ = {isa = PBXFileReference; lastKnownFileType = folder.assetcatalog; path = Assets.xcassets; sourceTree = "<group>"; };
		EAF7998C2A43F93400B09741 /* Preview Assets.xcassets */ = {isa = PBXFileReference; lastKnownFileType = folder.assetcatalog; path = "Preview Assets.xcassets"; sourceTree = "<group>"; };
		EAF7998E2A43F93400B09741 /* Persistence.swift */ = {isa = PBXFileReference; lastKnownFileType = sourcecode.swift; path = Persistence.swift; sourceTree = "<group>"; };
		EAF799912A43F93400B09741 /* GradeTrack.xcdatamodel */ = {isa = PBXFileReference; lastKnownFileType = wrapper.xcdatamodel; path = GradeTrack.xcdatamodel; sourceTree = "<group>"; };
		EAF799982A43F9F300B09741 /* MainMenu.swift */ = {isa = PBXFileReference; lastKnownFileType = sourcecode.swift; path = MainMenu.swift; sourceTree = "<group>"; };
		EAF7999A2A44245700B09741 /* CourseMenu.swift */ = {isa = PBXFileReference; lastKnownFileType = sourcecode.swift; path = CourseMenu.swift; sourceTree = "<group>"; };
		EAF8D3712A4D187400F98A14 /* AssignmentsMenu.swift */ = {isa = PBXFileReference; lastKnownFileType = sourcecode.swift; path = AssignmentsMenu.swift; sourceTree = "<group>"; };
		EAF8D3732A4D62CC00F98A14 /* AssignmentView.swift */ = {isa = PBXFileReference; lastKnownFileType = sourcecode.swift; path = AssignmentView.swift; sourceTree = "<group>"; };
/* End PBXFileReference section */

/* Begin PBXFrameworksBuildPhase section */
		EAF7997F2A43F93200B09741 /* Frameworks */ = {
			isa = PBXFrameworksBuildPhase;
			buildActionMask = 2147483647;
			files = (
			);
			runOnlyForDeploymentPostprocessing = 0;
		};
/* End PBXFrameworksBuildPhase section */

/* Begin PBXGroup section */
		EA5C483A2A46249700D977F8 /* Model */ = {
			isa = PBXGroup;
			children = (
				EA5C483B2A46254400D977F8 /* CourseNoSave.swift */,
				EAA3A5562A4847ED0044A0B5 /* GradeNoSave.swift */,
				EAA3A5582A48485B0044A0B5 /* BreakdownNoSave.swift */,
				EAA3A55A2A4848660044A0B5 /* CourseComponentNoSave.swift */,
				EAA3A55C2A4849630044A0B5 /* AssignmentNoSave.swift */,
				EAA3A55E2A4849A30044A0B5 /* MarkNoSave.swift */,
				EACA6E212A4973BA000A7057 /* GradeType.swift */,
			);
			path = Model;
			sourceTree = "<group>";
		};
		EACA6E272A49821C000A7057 /* CoreDataModel */ = {
			isa = PBXGroup;
			children = (
				EA72A3D52A4AAF610030F6AB /* Course+CoreDataClass.swift */,
				EA72A3D62A4AAF610030F6AB /* Course+CoreDataProperties.swift */,
				EA72A3C92A4AA48F0030F6AB /* Grade+CoreDataClass.swift */,
				EA72A3CA2A4AA48F0030F6AB /* Grade+CoreDataProperties.swift */,
				EA72A3C52A4A9D4F0030F6AB /* Breakdown+CoreDataClass.swift */,
				EA72A3C62A4A9D4F0030F6AB /* Breakdown+CoreDataProperties.swift */,
				EA72A3C12A4A9C530030F6AB /* CourseComponent+CoreDataClass.swift */,
				EA72A3C22A4A9C530030F6AB /* CourseComponent+CoreDataProperties.swift */,
				EA72A3BD2A4A98A40030F6AB /* Assignment+CoreDataClass.swift */,
				EA72A3BE2A4A98A40030F6AB /* Assignment+CoreDataProperties.swift */,
				EACA6E302A49859E000A7057 /* Mark+CoreDataClass.swift */,
				EACA6E312A49859E000A7057 /* Mark+CoreDataProperties.swift */,
			);
			path = CoreDataModel;
			sourceTree = "<group>";
		};
		EAF799792A43F93200B09741 = {
			isa = PBXGroup;
			children = (
				EAF799842A43F93200B09741 /* GradeTrack */,
				EAF799832A43F93200B09741 /* Products */,
			);
			sourceTree = "<group>";
		};
		EAF799832A43F93200B09741 /* Products */ = {
			isa = PBXGroup;
			children = (
				EAF799822A43F93200B09741 /* GradeTrack.app */,
			);
			name = Products;
			sourceTree = "<group>";
		};
		EAF799842A43F93200B09741 /* GradeTrack */ = {
			isa = PBXGroup;
			children = (
				EAF799852A43F93200B09741 /* GradeTrackApp.swift */,
				EAF799872A43F93200B09741 /* ContentView.swift */,
				EAF799982A43F9F300B09741 /* MainMenu.swift */,
				EAF7999A2A44245700B09741 /* CourseMenu.swift */,
				EAF8D3712A4D187400F98A14 /* AssignmentsMenu.swift */,
				EAF8D3732A4D62CC00F98A14 /* AssignmentView.swift */,
				EA5ECFA62A4E15B200ADFA79 /* NewCourseView.swift */,
				EA5ECFA82A4E2BAC00ADFA79 /* NewAssignmentView.swift */,
				EACA6E272A49821C000A7057 /* CoreDataModel */,
				EA5C483A2A46249700D977F8 /* Model */,
				EAF799892A43F93400B09741 /* Assets.xcassets */,
				EAF7998E2A43F93400B09741 /* Persistence.swift */,
				EAAB08572A4C540100E54BFD /* DataController.swift */,
				EAF799902A43F93400B09741 /* GradeTrack.xcdatamodeld */,
				EAF7998B2A43F93400B09741 /* Preview Content */,
				EA5E36302A9582E8004111E3 /* FlashCardView.swift */,
			);
			path = GradeTrack;
			sourceTree = "<group>";
		};
		EAF7998B2A43F93400B09741 /* Preview Content */ = {
			isa = PBXGroup;
			children = (
				EAF7998C2A43F93400B09741 /* Preview Assets.xcassets */,
			);
			path = "Preview Content";
			sourceTree = "<group>";
		};
/* End PBXGroup section */

/* Begin PBXNativeTarget section */
		EAF799812A43F93200B09741 /* GradeTrack */ = {
			isa = PBXNativeTarget;
			buildConfigurationList = EAF799952A43F93400B09741 /* Build configuration list for PBXNativeTarget "GradeTrack" */;
			buildPhases = (
				EAF7997E2A43F93200B09741 /* Sources */,
				EAF7997F2A43F93200B09741 /* Frameworks */,
				EAF799802A43F93200B09741 /* Resources */,
			);
			buildRules = (
			);
			dependencies = (
			);
			name = GradeTrack;
			productName = GradeTrack;
			productReference = EAF799822A43F93200B09741 /* GradeTrack.app */;
			productType = "com.apple.product-type.application";
		};
/* End PBXNativeTarget section */

/* Begin PBXProject section */
		EAF7997A2A43F93200B09741 /* Project object */ = {
			isa = PBXProject;
			attributes = {
				BuildIndependentTargetsInParallel = 1;
				LastSwiftUpdateCheck = 1430;
				LastUpgradeCheck = 1430;
				TargetAttributes = {
					EAF799812A43F93200B09741 = {
						CreatedOnToolsVersion = 14.3.1;
					};
				};
			};
			buildConfigurationList = EAF7997D2A43F93200B09741 /* Build configuration list for PBXProject "GradeTrack" */;
			compatibilityVersion = "Xcode 14.0";
			developmentRegion = en;
			hasScannedForEncodings = 0;
			knownRegions = (
				en,
				Base,
			);
			mainGroup = EAF799792A43F93200B09741;
			productRefGroup = EAF799832A43F93200B09741 /* Products */;
			projectDirPath = "";
			projectRoot = "";
			targets = (
				EAF799812A43F93200B09741 /* GradeTrack */,
			);
		};
/* End PBXProject section */

/* Begin PBXResourcesBuildPhase section */
		EAF799802A43F93200B09741 /* Resources */ = {
			isa = PBXResourcesBuildPhase;
			buildActionMask = 2147483647;
			files = (
				EAF7998D2A43F93400B09741 /* Preview Assets.xcassets in Resources */,
				EAF7998A2A43F93400B09741 /* Assets.xcassets in Resources */,
			);
			runOnlyForDeploymentPostprocessing = 0;
		};
/* End PBXResourcesBuildPhase section */

/* Begin PBXSourcesBuildPhase section */
		EAF7997E2A43F93200B09741 /* Sources */ = {
			isa = PBXSourcesBuildPhase;
			buildActionMask = 2147483647;
			files = (
				EAF799992A43F9F300B09741 /* MainMenu.swift in Sources */,
				EA72A3C82A4A9D4F0030F6AB /* Breakdown+CoreDataProperties.swift in Sources */,
				EA72A3C72A4A9D4F0030F6AB /* Breakdown+CoreDataClass.swift in Sources */,
				EAF8D3742A4D62CC00F98A14 /* AssignmentView.swift in Sources */,
				EAA3A5572A4847ED0044A0B5 /* GradeNoSave.swift in Sources */,
				EAA3A55B2A4848660044A0B5 /* CourseComponentNoSave.swift in Sources */,
				EAA3A55D2A4849630044A0B5 /* AssignmentNoSave.swift in Sources */,
				EA5ECFA72A4E15B200ADFA79 /* NewCourseView.swift in Sources */,
				EA72A3C32A4A9C530030F6AB /* CourseComponent+CoreDataClass.swift in Sources */,
				EA72A3CB2A4AA48F0030F6AB /* Grade+CoreDataClass.swift in Sources */,
				EA5C483C2A46254400D977F8 /* CourseNoSave.swift in Sources */,
				EAF7998F2A43F93400B09741 /* Persistence.swift in Sources */,
				EA72A3BF2A4A98A40030F6AB /* Assignment+CoreDataClass.swift in Sources */,
				EAAB08582A4C540100E54BFD /* DataController.swift in Sources */,
				EACA6E332A49859E000A7057 /* Mark+CoreDataProperties.swift in Sources */,
				EACA6E322A49859E000A7057 /* Mark+CoreDataClass.swift in Sources */,
				EAA3A5592A48485B0044A0B5 /* BreakdownNoSave.swift in Sources */,
				EAF799882A43F93200B09741 /* ContentView.swift in Sources */,
				EAA3A55F2A4849A30044A0B5 /* MarkNoSave.swift in Sources */,
				EA72A3D82A4AAF610030F6AB /* Course+CoreDataProperties.swift in Sources */,
				EACA6E222A4973BA000A7057 /* GradeType.swift in Sources */,
				EA72A3C02A4A98A40030F6AB /* Assignment+CoreDataProperties.swift in Sources */,
				EA5ECFA92A4E2BAC00ADFA79 /* NewAssignmentView.swift in Sources */,
				EA72A3D72A4AAF610030F6AB /* Course+CoreDataClass.swift in Sources */,
				EA72A3C42A4A9C530030F6AB /* CourseComponent+CoreDataProperties.swift in Sources */,
				EAF799862A43F93200B09741 /* GradeTrackApp.swift in Sources */,
				EAF8D3722A4D187500F98A14 /* AssignmentsMenu.swift in Sources */,
				EA5E36312A9582E8004111E3 /* FlashCardView.swift in Sources */,
				EAF799922A43F93400B09741 /* GradeTrack.xcdatamodeld in Sources */,
				EA72A3CC2A4AA48F0030F6AB /* Grade+CoreDataProperties.swift in Sources */,
				EAF7999B2A44245700B09741 /* CourseMenu.swift in Sources */,
			);
			runOnlyForDeploymentPostprocessing = 0;
		};
/* End PBXSourcesBuildPhase section */

/* Begin XCBuildConfiguration section */
		EAF799932A43F93400B09741 /* Debug */ = {
			isa = XCBuildConfiguration;
			buildSettings = {
				ALWAYS_SEARCH_USER_PATHS = NO;
				CLANG_ANALYZER_NONNULL = YES;
				CLANG_ANALYZER_NUMBER_OBJECT_CONVERSION = YES_AGGRESSIVE;
				CLANG_CXX_LANGUAGE_STANDARD = "gnu++20";
				CLANG_ENABLE_MODULES = YES;
				CLANG_ENABLE_OBJC_ARC = YES;
				CLANG_ENABLE_OBJC_WEAK = YES;
				CLANG_WARN_BLOCK_CAPTURE_AUTORELEASING = YES;
				CLANG_WARN_BOOL_CONVERSION = YES;
				CLANG_WARN_COMMA = YES;
				CLANG_WARN_CONSTANT_CONVERSION = YES;
				CLANG_WARN_DEPRECATED_OBJC_IMPLEMENTATIONS = YES;
				CLANG_WARN_DIRECT_OBJC_ISA_USAGE = YES_ERROR;
				CLANG_WARN_DOCUMENTATION_COMMENTS = YES;
				CLANG_WARN_EMPTY_BODY = YES;
				CLANG_WARN_ENUM_CONVERSION = YES;
				CLANG_WARN_INFINITE_RECURSION = YES;
				CLANG_WARN_INT_CONVERSION = YES;
				CLANG_WARN_NON_LITERAL_NULL_CONVERSION = YES;
				CLANG_WARN_OBJC_IMPLICIT_RETAIN_SELF = YES;
				CLANG_WARN_OBJC_LITERAL_CONVERSION = YES;
				CLANG_WARN_OBJC_ROOT_CLASS = YES_ERROR;
				CLANG_WARN_QUOTED_INCLUDE_IN_FRAMEWORK_HEADER = YES;
				CLANG_WARN_RANGE_LOOP_ANALYSIS = YES;
				CLANG_WARN_STRICT_PROTOTYPES = YES;
				CLANG_WARN_SUSPICIOUS_MOVE = YES;
				CLANG_WARN_UNGUARDED_AVAILABILITY = YES_AGGRESSIVE;
				CLANG_WARN_UNREACHABLE_CODE = YES;
				CLANG_WARN__DUPLICATE_METHOD_MATCH = YES;
				COPY_PHASE_STRIP = NO;
				DEBUG_INFORMATION_FORMAT = dwarf;
				ENABLE_STRICT_OBJC_MSGSEND = YES;
				ENABLE_TESTABILITY = YES;
				GCC_C_LANGUAGE_STANDARD = gnu11;
				GCC_DYNAMIC_NO_PIC = NO;
				GCC_NO_COMMON_BLOCKS = YES;
				GCC_OPTIMIZATION_LEVEL = 0;
				GCC_PREPROCESSOR_DEFINITIONS = (
					"DEBUG=1",
					"$(inherited)",
				);
				GCC_WARN_64_TO_32_BIT_CONVERSION = YES;
				GCC_WARN_ABOUT_RETURN_TYPE = YES_ERROR;
				GCC_WARN_UNDECLARED_SELECTOR = YES;
				GCC_WARN_UNINITIALIZED_AUTOS = YES_AGGRESSIVE;
				GCC_WARN_UNUSED_FUNCTION = YES;
				GCC_WARN_UNUSED_VARIABLE = YES;
				IPHONEOS_DEPLOYMENT_TARGET = 16.4;
				MTL_ENABLE_DEBUG_INFO = INCLUDE_SOURCE;
				MTL_FAST_MATH = YES;
				ONLY_ACTIVE_ARCH = YES;
				SDKROOT = iphoneos;
				SWIFT_ACTIVE_COMPILATION_CONDITIONS = DEBUG;
				SWIFT_OPTIMIZATION_LEVEL = "-Onone";
			};
			name = Debug;
		};
		EAF799942A43F93400B09741 /* Release */ = {
			isa = XCBuildConfiguration;
			buildSettings = {
				ALWAYS_SEARCH_USER_PATHS = NO;
				CLANG_ANALYZER_NONNULL = YES;
				CLANG_ANALYZER_NUMBER_OBJECT_CONVERSION = YES_AGGRESSIVE;
				CLANG_CXX_LANGUAGE_STANDARD = "gnu++20";
				CLANG_ENABLE_MODULES = YES;
				CLANG_ENABLE_OBJC_ARC = YES;
				CLANG_ENABLE_OBJC_WEAK = YES;
				CLANG_WARN_BLOCK_CAPTURE_AUTORELEASING = YES;
				CLANG_WARN_BOOL_CONVERSION = YES;
				CLANG_WARN_COMMA = YES;
				CLANG_WARN_CONSTANT_CONVERSION = YES;
				CLANG_WARN_DEPRECATED_OBJC_IMPLEMENTATIONS = YES;
				CLANG_WARN_DIRECT_OBJC_ISA_USAGE = YES_ERROR;
				CLANG_WARN_DOCUMENTATION_COMMENTS = YES;
				CLANG_WARN_EMPTY_BODY = YES;
				CLANG_WARN_ENUM_CONVERSION = YES;
				CLANG_WARN_INFINITE_RECURSION = YES;
				CLANG_WARN_INT_CONVERSION = YES;
				CLANG_WARN_NON_LITERAL_NULL_CONVERSION = YES;
				CLANG_WARN_OBJC_IMPLICIT_RETAIN_SELF = YES;
				CLANG_WARN_OBJC_LITERAL_CONVERSION = YES;
				CLANG_WARN_OBJC_ROOT_CLASS = YES_ERROR;
				CLANG_WARN_QUOTED_INCLUDE_IN_FRAMEWORK_HEADER = YES;
				CLANG_WARN_RANGE_LOOP_ANALYSIS = YES;
				CLANG_WARN_STRICT_PROTOTYPES = YES;
				CLANG_WARN_SUSPICIOUS_MOVE = YES;
				CLANG_WARN_UNGUARDED_AVAILABILITY = YES_AGGRESSIVE;
				CLANG_WARN_UNREACHABLE_CODE = YES;
				CLANG_WARN__DUPLICATE_METHOD_MATCH = YES;
				COPY_PHASE_STRIP = NO;
				DEBUG_INFORMATION_FORMAT = "dwarf-with-dsym";
				ENABLE_NS_ASSERTIONS = NO;
				ENABLE_STRICT_OBJC_MSGSEND = YES;
				GCC_C_LANGUAGE_STANDARD = gnu11;
				GCC_NO_COMMON_BLOCKS = YES;
				GCC_WARN_64_TO_32_BIT_CONVERSION = YES;
				GCC_WARN_ABOUT_RETURN_TYPE = YES_ERROR;
				GCC_WARN_UNDECLARED_SELECTOR = YES;
				GCC_WARN_UNINITIALIZED_AUTOS = YES_AGGRESSIVE;
				GCC_WARN_UNUSED_FUNCTION = YES;
				GCC_WARN_UNUSED_VARIABLE = YES;
				IPHONEOS_DEPLOYMENT_TARGET = 16.4;
				MTL_ENABLE_DEBUG_INFO = NO;
				MTL_FAST_MATH = YES;
				SDKROOT = iphoneos;
				SWIFT_COMPILATION_MODE = wholemodule;
				SWIFT_OPTIMIZATION_LEVEL = "-O";
				VALIDATE_PRODUCT = YES;
			};
			name = Release;
		};
		EAF799962A43F93400B09741 /* Debug */ = {
			isa = XCBuildConfiguration;
			buildSettings = {
				ASSETCATALOG_COMPILER_APPICON_NAME = AppIcon;
				ASSETCATALOG_COMPILER_GLOBAL_ACCENT_COLOR_NAME = AccentColor;
				CODE_SIGN_STYLE = Automatic;
				CURRENT_PROJECT_VERSION = 1;
				DEVELOPMENT_ASSET_PATHS = "\"GradeTrack/Preview Content\"";
				DEVELOPMENT_TEAM = M7S6XBZ5CK;
				ENABLE_PREVIEWS = YES;
				GENERATE_INFOPLIST_FILE = YES;
				INFOPLIST_KEY_UIApplicationSceneManifest_Generation = YES;
				INFOPLIST_KEY_UIApplicationSupportsIndirectInputEvents = YES;
				INFOPLIST_KEY_UILaunchScreen_Generation = YES;
				INFOPLIST_KEY_UISupportedInterfaceOrientations_iPad = "UIInterfaceOrientationPortrait UIInterfaceOrientationPortraitUpsideDown UIInterfaceOrientationLandscapeLeft UIInterfaceOrientationLandscapeRight";
				INFOPLIST_KEY_UISupportedInterfaceOrientations_iPhone = "UIInterfaceOrientationPortrait UIInterfaceOrientationLandscapeLeft UIInterfaceOrientationLandscapeRight";
				LD_RUNPATH_SEARCH_PATHS = (
					"$(inherited)",
					"@executable_path/Frameworks",
				);
				MARKETING_VERSION = 1.0;
				PRODUCT_BUNDLE_IDENTIFIER = com.example.GradeTrack;
				PRODUCT_NAME = "$(TARGET_NAME)";
				SWIFT_EMIT_LOC_STRINGS = YES;
				SWIFT_VERSION = 5.0;
				TARGETED_DEVICE_FAMILY = "1,2";
			};
			name = Debug;
		};
		EAF799972A43F93400B09741 /* Release */ = {
			isa = XCBuildConfiguration;
			buildSettings = {
				ASSETCATALOG_COMPILER_APPICON_NAME = AppIcon;
				ASSETCATALOG_COMPILER_GLOBAL_ACCENT_COLOR_NAME = AccentColor;
				CODE_SIGN_STYLE = Automatic;
				CURRENT_PROJECT_VERSION = 1;
				DEVELOPMENT_ASSET_PATHS = "\"GradeTrack/Preview Content\"";
				DEVELOPMENT_TEAM = M7S6XBZ5CK;
				ENABLE_PREVIEWS = YES;
				GENERATE_INFOPLIST_FILE = YES;
				INFOPLIST_KEY_UIApplicationSceneManifest_Generation = YES;
				INFOPLIST_KEY_UIApplicationSupportsIndirectInputEvents = YES;
				INFOPLIST_KEY_UILaunchScreen_Generation = YES;
				INFOPLIST_KEY_UISupportedInterfaceOrientations_iPad = "UIInterfaceOrientationPortrait UIInterfaceOrientationPortraitUpsideDown UIInterfaceOrientationLandscapeLeft UIInterfaceOrientationLandscapeRight";
				INFOPLIST_KEY_UISupportedInterfaceOrientations_iPhone = "UIInterfaceOrientationPortrait UIInterfaceOrientationLandscapeLeft UIInterfaceOrientationLandscapeRight";
				LD_RUNPATH_SEARCH_PATHS = (
					"$(inherited)",
					"@executable_path/Frameworks",
				);
				MARKETING_VERSION = 1.0;
				PRODUCT_BUNDLE_IDENTIFIER = com.example.GradeTrack;
				PRODUCT_NAME = "$(TARGET_NAME)";
				SWIFT_EMIT_LOC_STRINGS = YES;
				SWIFT_VERSION = 5.0;
				TARGETED_DEVICE_FAMILY = "1,2";
			};
			name = Release;
		};
/* End XCBuildConfiguration section */

/* Begin XCConfigurationList section */
		EAF7997D2A43F93200B09741 /* Build configuration list for PBXProject "GradeTrack" */ = {
			isa = XCConfigurationList;
			buildConfigurations = (
				EAF799932A43F93400B09741 /* Debug */,
				EAF799942A43F93400B09741 /* Release */,
			);
			defaultConfigurationIsVisible = 0;
			defaultConfigurationName = Release;
		};
		EAF799952A43F93400B09741 /* Build configuration list for PBXNativeTarget "GradeTrack" */ = {
			isa = XCConfigurationList;
			buildConfigurations = (
				EAF799962A43F93400B09741 /* Debug */,
				EAF799972A43F93400B09741 /* Release */,
			);
			defaultConfigurationIsVisible = 0;
			defaultConfigurationName = Release;
		};
/* End XCConfigurationList section */

/* Begin XCVersionGroup section */
		EAF799902A43F93400B09741 /* GradeTrack.xcdatamodeld */ = {
			isa = XCVersionGroup;
			children = (
				EAF799912A43F93400B09741 /* GradeTrack.xcdatamodel */,
			);
			currentVersion = EAF799912A43F93400B09741 /* GradeTrack.xcdatamodel */;
			path = GradeTrack.xcdatamodeld;
			sourceTree = "<group>";
			versionGroupType = wrapper.xcdatamodel;
		};
/* End XCVersionGroup section */
	};
	rootObject = EAF7997A2A43F93200B09741 /* Project object */;
}
